
Microsoft Visual Studio Solution File, Format Version 12.00
# Visual Studio Version 17
VisualStudioVersion = 17.0.31903.59
MinimumVisualStudioVersion = 10.0.40219.1
Project("{2150E333-8FDC-42A3-9474-1A3956D46DE8}") = "src", "src", "{827E0CD3-B72D-47B6-A68D-7590B98EB39B}"
EndProject
Project("{2150E333-8FDC-42A3-9474-1A3956D46DE8}") = "Console", "Console", "{B9771273-07CE-CBBE-F99B-17C1826E8D01}"
EndProject
Project("{FAE04EC0-301F-11D3-BF4B-00C04F79EFBC}") = "GesFer.Console", "src\Console\GesFer.Console.csproj", "{353E7F9F-5394-4DAA-B408-67C519614ACA}"
EndProject
Project("{2150E333-8FDC-42A3-9474-1A3956D46DE8}") = "Product", "Product", "{7EBFC35F-CFB5-33FC-478C-BF5D9C05E6B6}"
EndProject
Project("{2150E333-8FDC-42A3-9474-1A3956D46DE8}") = "Back", "Back", "{39F728A2-99C9-AE00-D927-D29B86F84CDC}"
EndProject
Project("{2150E333-8FDC-42A3-9474-1A3956D46DE8}") = "Infrastructure", "Infrastructure", "{37B58EFE-E4B8-498C-2E83-1D5F69A5CF8F}"
EndProject
Project("{FAE04EC0-301F-11D3-BF4B-00C04F79EFBC}") = "GesFer.Infrastructure", "src\Product\Back\Infrastructure\GesFer.Infrastructure.csproj", "{CF56FEEA-3E56-43E4-AB5D-49779392642E}"
EndProject
Project("{2150E333-8FDC-42A3-9474-1A3956D46DE8}") = "domain", "domain", "{163E4DD7-55E5-949A-56DA-772C454D013E}"
EndProject
Project("{FAE04EC0-301F-11D3-BF4B-00C04F79EFBC}") = "GesFer.Domain", "src\Product\Back\domain\GesFer.Domain.csproj", "{55C48714-6201-4C4D-848C-9D5681DE5DF7}"
EndProject
Project("{2150E333-8FDC-42A3-9474-1A3956D46DE8}") = "Shared", "Shared", "{C8E42992-5E42-0C2B-DBFE-AA848D06431C}"
EndProject
Project("{2150E333-8FDC-42A3-9474-1A3956D46DE8}") = "Back", "Back", "{98F0CC8E-B270-ACD8-A99F-DDD527E204E5}"
EndProject
Project("{FAE04EC0-301F-11D3-BF4B-00C04F79EFBC}") = "GesFer.Shared.Back.Domain", "src\Shared\Back\GesFer.Shared.Back.Domain.csproj", "{93A16418-4CA8-4476-AF65-5AC9EB2E0963}"
EndProject
Project("{2150E333-8FDC-42A3-9474-1A3956D46DE8}") = "Admin", "Admin", "{9787BF88-EEEB-1624-8357-14EC64727FE2}"
EndProject
Project("{2150E333-8FDC-42A3-9474-1A3956D46DE8}") = "Back", "Back", "{FFF91EDF-2882-64F6-DB5B-406A12BBCDC0}"
EndProject
Project("{2150E333-8FDC-42A3-9474-1A3956D46DE8}") = "Infrastructure", "Infrastructure", "{10B0029C-2FF2-D4DC-6829-0D9C1B5AD7A7}"
EndProject
Project("{FAE04EC0-301F-11D3-BF4B-00C04F79EFBC}") = "GesFer.Admin.Infra", "src\Admin\Back\Infrastructure\GesFer.Admin.Infra.csproj", "{B108A723-0CD0-4CB6-A4D0-61DFB12DCD51}"
EndProject
Project("{2150E333-8FDC-42A3-9474-1A3956D46DE8}") = "domain", "domain", "{7EBA44D2-A57E-6BE6-C631-91C2311AF6EF}"
EndProject
Project("{FAE04EC0-301F-11D3-BF4B-00C04F79EFBC}") = "GesFer.Admin.Domain", "src\Admin\Back\domain\GesFer.Admin.Domain.csproj", "{68427165-CE09-4CFD-B10A-539CD4E75932}"
EndProject
Project("{2150E333-8FDC-42A3-9474-1A3956D46DE8}") = "tests", "tests", "{8AD52E9F-1214-FE08-9AB4-D2B9575ED7D9}"
EndProject
Project("{FAE04EC0-301F-11D3-BF4B-00C04F79EFBC}") = "GesFer.Admin.UnitTests", "src\Admin\Back\tests\GesFer.Admin.UnitTests\GesFer.Admin.UnitTests.csproj", "{DE545FE0-E31C-453C-A44C-DD51AC6B92F8}"
EndProject
Project("{2150E333-8FDC-42A3-9474-1A3956D46DE8}") = "application", "application", "{F77CD9A1-911D-B9BE-54DB-8CCE13C5403E}"
EndProject
Project("{FAE04EC0-301F-11D3-BF4B-00C04F79EFBC}") = "GesFer.Admin.Application", "src\Admin\Back\application\GesFer.Admin.Application.csproj", "{B15F4EC9-9A4C-4759-BDEC-2FC75C541153}"
EndProject
Project("{2150E333-8FDC-42A3-9474-1A3956D46DE8}") = "Api", "Api", "{53F01660-23DD-AEF3-758B-1BDCE1E30168}"
EndProject
Project("{FAE04EC0-301F-11D3-BF4B-00C04F79EFBC}") = "GesFer.Admin.Api", "src\Admin\Back\Api\GesFer.Admin.Api.csproj", "{D55E10D9-C307-44CD-8CBE-843539C40F7F}"
EndProject
Project("{2150E333-8FDC-42A3-9474-1A3956D46DE8}") = "SeedRunner", "SeedRunner", "{9CA4C094-5884-A4E5-387C-6579BE379267}"
EndProject
Project("{FAE04EC0-301F-11D3-BF4B-00C04F79EFBC}") = "GesFer.SeedRunner", "src\Product\Back\Infrastructure\SeedRunner\GesFer.SeedRunner.csproj", "{A3D6DA43-7FF1-4460-99F2-646F7C5F03B0}"
EndProject
Project("{2150E333-8FDC-42A3-9474-1A3956D46DE8}") = "scripts", "scripts", "{F57C9181-72B8-DAB9-42BA-2C90EAE1343B}"
EndProject
Project("{FAE04EC0-301F-11D3-BF4B-00C04F79EFBC}") = "GenerateHash", "src\Product\Back\scripts\GenerateHash\GenerateHash.csproj", "{374B8A99-C743-4E8C-9C28-84FB41D836F2}"
EndProject
Project("{FAE04EC0-301F-11D3-BF4B-00C04F79EFBC}") = "InitDatabase", "src\Product\Back\scripts\InitDatabase.csproj", "{C49E4B6B-0BA9-4E85-A640-C1F4352F1105}"
EndProject
Project("{2150E333-8FDC-42A3-9474-1A3956D46DE8}") = "tests", "tests", "{F86BB4F5-59EB-AC26-744D-2CE53F67105B}"
EndProject
Project("{FAE04EC0-301F-11D3-BF4B-00C04F79EFBC}") = "GesFer.Product.UnitTests", "src\Product\Back\tests\GesFer.Product.UnitTests\GesFer.Product.UnitTests.csproj", "{66107834-C8D8-4CA2-9CDC-50817C6AD590}"
EndProject
Project("{2150E333-8FDC-42A3-9474-1A3956D46DE8}") = "application", "application", "{0292443F-08FF-B2C8-1260-EB3196311BFB}"
EndProject
Project("{FAE04EC0-301F-11D3-BF4B-00C04F79EFBC}") = "GesFer.Application", "src\Product\Back\application\GesFer.Application.csproj", "{3DBA8CF4-15E4-4E06-9790-286D0F5F80B7}"
EndProject
Project("{2150E333-8FDC-42A3-9474-1A3956D46DE8}") = "IntegrationTests", "IntegrationTests", "{5278B7A7-1A5F-F368-A64D-9475BCAB837E}"
EndProject
Project("{FAE04EC0-301F-11D3-BF4B-00C04F79EFBC}") = "GesFer.IntegrationTests", "src\Product\Back\IntegrationTests\GesFer.IntegrationTests.csproj", "{0646CC82-DE3F-4F80-B8DD-267871DCE84E}"
EndProject
Project("{2150E333-8FDC-42A3-9474-1A3956D46DE8}") = "Api", "Api", "{DDDAEA66-EDBF-740F-FBAC-CC9F3A26F9C6}"
EndProject
Project("{FAE04EC0-301F-11D3-BF4B-00C04F79EFBC}") = "GesFer.Api", "src\Product\Back\Api\GesFer.Api.csproj", "{0567A789-7185-4965-9408-508253242650}"
EndProject
Global
	GlobalSection(SolutionConfigurationPlatforms) = preSolution
		Debug|Any CPU = Debug|Any CPU
		Debug|x64 = Debug|x64
		Debug|x86 = Debug|x86
		Release|Any CPU = Release|Any CPU
		Release|x64 = Release|x64
		Release|x86 = Release|x86
	EndGlobalSection
	GlobalSection(ProjectConfigurationPlatforms) = postSolution
		{353E7F9F-5394-4DAA-B408-67C519614ACA}.Debug|Any CPU.ActiveCfg = Debug|Any CPU
		{353E7F9F-5394-4DAA-B408-67C519614ACA}.Debug|Any CPU.Build.0 = Debug|Any CPU
		{353E7F9F-5394-4DAA-B408-67C519614ACA}.Debug|x64.ActiveCfg = Debug|Any CPU
		{353E7F9F-5394-4DAA-B408-67C519614ACA}.Debug|x64.Build.0 = Debug|Any CPU
		{353E7F9F-5394-4DAA-B408-67C519614ACA}.Debug|x86.ActiveCfg = Debug|Any CPU
		{353E7F9F-5394-4DAA-B408-67C519614ACA}.Debug|x86.Build.0 = Debug|Any CPU
		{353E7F9F-5394-4DAA-B408-67C519614ACA}.Release|Any CPU.ActiveCfg = Release|Any CPU
		{353E7F9F-5394-4DAA-B408-67C519614ACA}.Release|Any CPU.Build.0 = Release|Any CPU
		{353E7F9F-5394-4DAA-B408-67C519614ACA}.Release|x64.ActiveCfg = Release|Any CPU
		{353E7F9F-5394-4DAA-B408-67C519614ACA}.Release|x64.Build.0 = Release|Any CPU
		{353E7F9F-5394-4DAA-B408-67C519614ACA}.Release|x86.ActiveCfg = Release|Any CPU
		{353E7F9F-5394-4DAA-B408-67C519614ACA}.Release|x86.Build.0 = Release|Any CPU
		{CF56FEEA-3E56-43E4-AB5D-49779392642E}.Debug|Any CPU.ActiveCfg = Debug|Any CPU
		{CF56FEEA-3E56-43E4-AB5D-49779392642E}.Debug|Any CPU.Build.0 = Debug|Any CPU
		{CF56FEEA-3E56-43E4-AB5D-49779392642E}.Debug|x64.ActiveCfg = Debug|Any CPU
		{CF56FEEA-3E56-43E4-AB5D-49779392642E}.Debug|x64.Build.0 = Debug|Any CPU
		{CF56FEEA-3E56-43E4-AB5D-49779392642E}.Debug|x86.ActiveCfg = Debug|Any CPU
		{CF56FEEA-3E56-43E4-AB5D-49779392642E}.Debug|x86.Build.0 = Debug|Any CPU
		{CF56FEEA-3E56-43E4-AB5D-49779392642E}.Release|Any CPU.ActiveCfg = Release|Any CPU
		{CF56FEEA-3E56-43E4-AB5D-49779392642E}.Release|Any CPU.Build.0 = Release|Any CPU
		{CF56FEEA-3E56-43E4-AB5D-49779392642E}.Release|x64.ActiveCfg = Release|Any CPU
		{CF56FEEA-3E56-43E4-AB5D-49779392642E}.Release|x64.Build.0 = Release|Any CPU
		{CF56FEEA-3E56-43E4-AB5D-49779392642E}.Release|x86.ActiveCfg = Release|Any CPU
		{CF56FEEA-3E56-43E4-AB5D-49779392642E}.Release|x86.Build.0 = Release|Any CPU
		{55C48714-6201-4C4D-848C-9D5681DE5DF7}.Debug|Any CPU.ActiveCfg = Debug|Any CPU
		{55C48714-6201-4C4D-848C-9D5681DE5DF7}.Debug|Any CPU.Build.0 = Debug|Any CPU
		{55C48714-6201-4C4D-848C-9D5681DE5DF7}.Debug|x64.ActiveCfg = Debug|Any CPU
		{55C48714-6201-4C4D-848C-9D5681DE5DF7}.Debug|x64.Build.0 = Debug|Any CPU
		{55C48714-6201-4C4D-848C-9D5681DE5DF7}.Debug|x86.ActiveCfg = Debug|Any CPU
		{55C48714-6201-4C4D-848C-9D5681DE5DF7}.Debug|x86.Build.0 = Debug|Any CPU
		{55C48714-6201-4C4D-848C-9D5681DE5DF7}.Release|Any CPU.ActiveCfg = Release|Any CPU
		{55C48714-6201-4C4D-848C-9D5681DE5DF7}.Release|Any CPU.Build.0 = Release|Any CPU
		{55C48714-6201-4C4D-848C-9D5681DE5DF7}.Release|x64.ActiveCfg = Release|Any CPU
		{55C48714-6201-4C4D-848C-9D5681DE5DF7}.Release|x64.Build.0 = Release|Any CPU
		{55C48714-6201-4C4D-848C-9D5681DE5DF7}.Release|x86.ActiveCfg = Release|Any CPU
		{55C48714-6201-4C4D-848C-9D5681DE5DF7}.Release|x86.Build.0 = Release|Any CPU
		{93A16418-4CA8-4476-AF65-5AC9EB2E0963}.Debug|Any CPU.ActiveCfg = Debug|Any CPU
		{93A16418-4CA8-4476-AF65-5AC9EB2E0963}.Debug|Any CPU.Build.0 = Debug|Any CPU
		{93A16418-4CA8-4476-AF65-5AC9EB2E0963}.Debug|x64.ActiveCfg = Debug|Any CPU
		{93A16418-4CA8-4476-AF65-5AC9EB2E0963}.Debug|x64.Build.0 = Debug|Any CPU
		{93A16418-4CA8-4476-AF65-5AC9EB2E0963}.Debug|x86.ActiveCfg = Debug|Any CPU
		{93A16418-4CA8-4476-AF65-5AC9EB2E0963}.Debug|x86.Build.0 = Debug|Any CPU
		{93A16418-4CA8-4476-AF65-5AC9EB2E0963}.Release|Any CPU.ActiveCfg = Release|Any CPU
		{93A16418-4CA8-4476-AF65-5AC9EB2E0963}.Release|Any CPU.Build.0 = Release|Any CPU
		{93A16418-4CA8-4476-AF65-5AC9EB2E0963}.Release|x64.ActiveCfg = Release|Any CPU
		{93A16418-4CA8-4476-AF65-5AC9EB2E0963}.Release|x64.Build.0 = Release|Any CPU
		{93A16418-4CA8-4476-AF65-5AC9EB2E0963}.Release|x86.ActiveCfg = Release|Any CPU
		{93A16418-4CA8-4476-AF65-5AC9EB2E0963}.Release|x86.Build.0 = Release|Any CPU
		{B108A723-0CD0-4CB6-A4D0-61DFB12DCD51}.Debug|Any CPU.ActiveCfg = Debug|Any CPU
		{B108A723-0CD0-4CB6-A4D0-61DFB12DCD51}.Debug|Any CPU.Build.0 = Debug|Any CPU
		{B108A723-0CD0-4CB6-A4D0-61DFB12DCD51}.Debug|x64.ActiveCfg = Debug|Any CPU
		{B108A723-0CD0-4CB6-A4D0-61DFB12DCD51}.Debug|x64.Build.0 = Debug|Any CPU
		{B108A723-0CD0-4CB6-A4D0-61DFB12DCD51}.Debug|x86.ActiveCfg = Debug|Any CPU
		{B108A723-0CD0-4CB6-A4D0-61DFB12DCD51}.Debug|x86.Build.0 = Debug|Any CPU
		{B108A723-0CD0-4CB6-A4D0-61DFB12DCD51}.Release|Any CPU.ActiveCfg = Release|Any CPU
		{B108A723-0CD0-4CB6-A4D0-61DFB12DCD51}.Release|Any CPU.Build.0 = Release|Any CPU
		{B108A723-0CD0-4CB6-A4D0-61DFB12DCD51}.Release|x64.ActiveCfg = Release|Any CPU
		{B108A723-0CD0-4CB6-A4D0-61DFB12DCD51}.Release|x64.Build.0 = Release|Any CPU
		{B108A723-0CD0-4CB6-A4D0-61DFB12DCD51}.Release|x86.ActiveCfg = Release|Any CPU
		{B108A723-0CD0-4CB6-A4D0-61DFB12DCD51}.Release|x86.Build.0 = Release|Any CPU
		{68427165-CE09-4CFD-B10A-539CD4E75932}.Debug|Any CPU.ActiveCfg = Debug|Any CPU
		{68427165-CE09-4CFD-B10A-539CD4E75932}.Debug|Any CPU.Build.0 = Debug|Any CPU
		{68427165-CE09-4CFD-B10A-539CD4E75932}.Debug|x64.ActiveCfg = Debug|Any CPU
		{68427165-CE09-4CFD-B10A-539CD4E75932}.Debug|x64.Build.0 = Debug|Any CPU
		{68427165-CE09-4CFD-B10A-539CD4E75932}.Debug|x86.ActiveCfg = Debug|Any CPU
		{68427165-CE09-4CFD-B10A-539CD4E75932}.Debug|x86.Build.0 = Debug|Any CPU
		{68427165-CE09-4CFD-B10A-539CD4E75932}.Release|Any CPU.ActiveCfg = Release|Any CPU
		{68427165-CE09-4CFD-B10A-539CD4E75932}.Release|Any CPU.Build.0 = Release|Any CPU
		{68427165-CE09-4CFD-B10A-539CD4E75932}.Release|x64.ActiveCfg = Release|Any CPU
		{68427165-CE09-4CFD-B10A-539CD4E75932}.Release|x64.Build.0 = Release|Any CPU
		{68427165-CE09-4CFD-B10A-539CD4E75932}.Release|x86.ActiveCfg = Release|Any CPU
		{68427165-CE09-4CFD-B10A-539CD4E75932}.Release|x86.Build.0 = Release|Any CPU
		{DE545FE0-E31C-453C-A44C-DD51AC6B92F8}.Debug|Any CPU.ActiveCfg = Debug|Any CPU
		{DE545FE0-E31C-453C-A44C-DD51AC6B92F8}.Debug|Any CPU.Build.0 = Debug|Any CPU
		{DE545FE0-E31C-453C-A44C-DD51AC6B92F8}.Debug|x64.ActiveCfg = Debug|Any CPU
		{DE545FE0-E31C-453C-A44C-DD51AC6B92F8}.Debug|x64.Build.0 = Debug|Any CPU
		{DE545FE0-E31C-453C-A44C-DD51AC6B92F8}.Debug|x86.ActiveCfg = Debug|Any CPU
		{DE545FE0-E31C-453C-A44C-DD51AC6B92F8}.Debug|x86.Build.0 = Debug|Any CPU
		{DE545FE0-E31C-453C-A44C-DD51AC6B92F8}.Release|Any CPU.ActiveCfg = Release|Any CPU
		{DE545FE0-E31C-453C-A44C-DD51AC6B92F8}.Release|Any CPU.Build.0 = Release|Any CPU
		{DE545FE0-E31C-453C-A44C-DD51AC6B92F8}.Release|x64.ActiveCfg = Release|Any CPU
		{DE545FE0-E31C-453C-A44C-DD51AC6B92F8}.Release|x64.Build.0 = Release|Any CPU
		{DE545FE0-E31C-453C-A44C-DD51AC6B92F8}.Release|x86.ActiveCfg = Release|Any CPU
		{DE545FE0-E31C-453C-A44C-DD51AC6B92F8}.Release|x86.Build.0 = Release|Any CPU
		{B15F4EC9-9A4C-4759-BDEC-2FC75C541153}.Debug|Any CPU.ActiveCfg = Debug|Any CPU
		{B15F4EC9-9A4C-4759-BDEC-2FC75C541153}.Debug|Any CPU.Build.0 = Debug|Any CPU
		{B15F4EC9-9A4C-4759-BDEC-2FC75C541153}.Debug|x64.ActiveCfg = Debug|Any CPU
		{B15F4EC9-9A4C-4759-BDEC-2FC75C541153}.Debug|x64.Build.0 = Debug|Any CPU
		{B15F4EC9-9A4C-4759-BDEC-2FC75C541153}.Debug|x86.ActiveCfg = Debug|Any CPU
		{B15F4EC9-9A4C-4759-BDEC-2FC75C541153}.Debug|x86.Build.0 = Debug|Any CPU
		{B15F4EC9-9A4C-4759-BDEC-2FC75C541153}.Release|Any CPU.ActiveCfg = Release|Any CPU
		{B15F4EC9-9A4C-4759-BDEC-2FC75C541153}.Release|Any CPU.Build.0 = Release|Any CPU
		{B15F4EC9-9A4C-4759-BDEC-2FC75C541153}.Release|x64.ActiveCfg = Release|Any CPU
		{B15F4EC9-9A4C-4759-BDEC-2FC75C541153}.Release|x64.Build.0 = Release|Any CPU
		{B15F4EC9-9A4C-4759-BDEC-2FC75C541153}.Release|x86.ActiveCfg = Release|Any CPU
		{B15F4EC9-9A4C-4759-BDEC-2FC75C541153}.Release|x86.Build.0 = Release|Any CPU
		{D55E10D9-C307-44CD-8CBE-843539C40F7F}.Debug|Any CPU.ActiveCfg = Debug|Any CPU
		{D55E10D9-C307-44CD-8CBE-843539C40F7F}.Debug|Any CPU.Build.0 = Debug|Any CPU
		{D55E10D9-C307-44CD-8CBE-843539C40F7F}.Debug|x64.ActiveCfg = Debug|Any CPU
		{D55E10D9-C307-44CD-8CBE-843539C40F7F}.Debug|x64.Build.0 = Debug|Any CPU
		{D55E10D9-C307-44CD-8CBE-843539C40F7F}.Debug|x86.ActiveCfg = Debug|Any CPU
		{D55E10D9-C307-44CD-8CBE-843539C40F7F}.Debug|x86.Build.0 = Debug|Any CPU
		{D55E10D9-C307-44CD-8CBE-843539C40F7F}.Release|Any CPU.ActiveCfg = Release|Any CPU
		{D55E10D9-C307-44CD-8CBE-843539C40F7F}.Release|Any CPU.Build.0 = Release|Any CPU
		{D55E10D9-C307-44CD-8CBE-843539C40F7F}.Release|x64.ActiveCfg = Release|Any CPU
		{D55E10D9-C307-44CD-8CBE-843539C40F7F}.Release|x64.Build.0 = Release|Any CPU
		{D55E10D9-C307-44CD-8CBE-843539C40F7F}.Release|x86.ActiveCfg = Release|Any CPU
		{D55E10D9-C307-44CD-8CBE-843539C40F7F}.Release|x86.Build.0 = Release|Any CPU
		{A3D6DA43-7FF1-4460-99F2-646F7C5F03B0}.Debug|Any CPU.ActiveCfg = Debug|Any CPU
		{A3D6DA43-7FF1-4460-99F2-646F7C5F03B0}.Debug|Any CPU.Build.0 = Debug|Any CPU
		{A3D6DA43-7FF1-4460-99F2-646F7C5F03B0}.Debug|x64.ActiveCfg = Debug|Any CPU
		{A3D6DA43-7FF1-4460-99F2-646F7C5F03B0}.Debug|x64.Build.0 = Debug|Any CPU
		{A3D6DA43-7FF1-4460-99F2-646F7C5F03B0}.Debug|x86.ActiveCfg = Debug|Any CPU
		{A3D6DA43-7FF1-4460-99F2-646F7C5F03B0}.Debug|x86.Build.0 = Debug|Any CPU
		{A3D6DA43-7FF1-4460-99F2-646F7C5F03B0}.Release|Any CPU.ActiveCfg = Release|Any CPU
		{A3D6DA43-7FF1-4460-99F2-646F7C5F03B0}.Release|Any CPU.Build.0 = Release|Any CPU
		{A3D6DA43-7FF1-4460-99F2-646F7C5F03B0}.Release|x64.ActiveCfg = Release|Any CPU
		{A3D6DA43-7FF1-4460-99F2-646F7C5F03B0}.Release|x64.Build.0 = Release|Any CPU
		{A3D6DA43-7FF1-4460-99F2-646F7C5F03B0}.Release|x86.ActiveCfg = Release|Any CPU
		{A3D6DA43-7FF1-4460-99F2-646F7C5F03B0}.Release|x86.Build.0 = Release|Any CPU
		{374B8A99-C743-4E8C-9C28-84FB41D836F2}.Debug|Any CPU.ActiveCfg = Debug|Any CPU
		{374B8A99-C743-4E8C-9C28-84FB41D836F2}.Debug|Any CPU.Build.0 = Debug|Any CPU
		{374B8A99-C743-4E8C-9C28-84FB41D836F2}.Debug|x64.ActiveCfg = Debug|Any CPU
		{374B8A99-C743-4E8C-9C28-84FB41D836F2}.Debug|x64.Build.0 = Debug|Any CPU
		{374B8A99-C743-4E8C-9C28-84FB41D836F2}.Debug|x86.ActiveCfg = Debug|Any CPU
		{374B8A99-C743-4E8C-9C28-84FB41D836F2}.Debug|x86.Build.0 = Debug|Any CPU
		{374B8A99-C743-4E8C-9C28-84FB41D836F2}.Release|Any CPU.ActiveCfg = Release|Any CPU
		{374B8A99-C743-4E8C-9C28-84FB41D836F2}.Release|Any CPU.Build.0 = Release|Any CPU
		{374B8A99-C743-4E8C-9C28-84FB41D836F2}.Release|x64.ActiveCfg = Release|Any CPU
		{374B8A99-C743-4E8C-9C28-84FB41D836F2}.Release|x64.Build.0 = Release|Any CPU
		{374B8A99-C743-4E8C-9C28-84FB41D836F2}.Release|x86.ActiveCfg = Release|Any CPU
		{374B8A99-C743-4E8C-9C28-84FB41D836F2}.Release|x86.Build.0 = Release|Any CPU
		{C49E4B6B-0BA9-4E85-A640-C1F4352F1105}.Debug|Any CPU.ActiveCfg = Debug|Any CPU
		{C49E4B6B-0BA9-4E85-A640-C1F4352F1105}.Debug|Any CPU.Build.0 = Debug|Any CPU
		{C49E4B6B-0BA9-4E85-A640-C1F4352F1105}.Debug|x64.ActiveCfg = Debug|Any CPU
		{C49E4B6B-0BA9-4E85-A640-C1F4352F1105}.Debug|x64.Build.0 = Debug|Any CPU
		{C49E4B6B-0BA9-4E85-A640-C1F4352F1105}.Debug|x86.ActiveCfg = Debug|Any CPU
		{C49E4B6B-0BA9-4E85-A640-C1F4352F1105}.Debug|x86.Build.0 = Debug|Any CPU
		{C49E4B6B-0BA9-4E85-A640-C1F4352F1105}.Release|Any CPU.ActiveCfg = Release|Any CPU
		{C49E4B6B-0BA9-4E85-A640-C1F4352F1105}.Release|Any CPU.Build.0 = Release|Any CPU
		{C49E4B6B-0BA9-4E85-A640-C1F4352F1105}.Release|x64.ActiveCfg = Release|Any CPU
		{C49E4B6B-0BA9-4E85-A640-C1F4352F1105}.Release|x64.Build.0 = Release|Any CPU
		{C49E4B6B-0BA9-4E85-A640-C1F4352F1105}.Release|x86.ActiveCfg = Release|Any CPU
		{C49E4B6B-0BA9-4E85-A640-C1F4352F1105}.Release|x86.Build.0 = Release|Any CPU
		{66107834-C8D8-4CA2-9CDC-50817C6AD590}.Debug|Any CPU.ActiveCfg = Debug|Any CPU
		{66107834-C8D8-4CA2-9CDC-50817C6AD590}.Debug|Any CPU.Build.0 = Debug|Any CPU
		{66107834-C8D8-4CA2-9CDC-50817C6AD590}.Debug|x64.ActiveCfg = Debug|Any CPU
		{66107834-C8D8-4CA2-9CDC-50817C6AD590}.Debug|x64.Build.0 = Debug|Any CPU
		{66107834-C8D8-4CA2-9CDC-50817C6AD590}.Debug|x86.ActiveCfg = Debug|Any CPU
		{66107834-C8D8-4CA2-9CDC-50817C6AD590}.Debug|x86.Build.0 = Debug|Any CPU
		{66107834-C8D8-4CA2-9CDC-50817C6AD590}.Release|Any CPU.ActiveCfg = Release|Any CPU
		{66107834-C8D8-4CA2-9CDC-50817C6AD590}.Release|Any CPU.Build.0 = Release|Any CPU
		{66107834-C8D8-4CA2-9CDC-50817C6AD590}.Release|x64.ActiveCfg = Release|Any CPU
		{66107834-C8D8-4CA2-9CDC-50817C6AD590}.Release|x64.Build.0 = Release|Any CPU
		{66107834-C8D8-4CA2-9CDC-50817C6AD590}.Release|x86.ActiveCfg = Release|Any CPU
		{66107834-C8D8-4CA2-9CDC-50817C6AD590}.Release|x86.Build.0 = Release|Any CPU
		{3DBA8CF4-15E4-4E06-9790-286D0F5F80B7}.Debug|Any CPU.ActiveCfg = Debug|Any CPU
		{3DBA8CF4-15E4-4E06-9790-286D0F5F80B7}.Debug|Any CPU.Build.0 = Debug|Any CPU
		{3DBA8CF4-15E4-4E06-9790-286D0F5F80B7}.Debug|x64.ActiveCfg = Debug|Any CPU
		{3DBA8CF4-15E4-4E06-9790-286D0F5F80B7}.Debug|x64.Build.0 = Debug|Any CPU
		{3DBA8CF4-15E4-4E06-9790-286D0F5F80B7}.Debug|x86.ActiveCfg = Debug|Any CPU
		{3DBA8CF4-15E4-4E06-9790-286D0F5F80B7}.Debug|x86.Build.0 = Debug|Any CPU
		{3DBA8CF4-15E4-4E06-9790-286D0F5F80B7}.Release|Any CPU.ActiveCfg = Release|Any CPU
		{3DBA8CF4-15E4-4E06-9790-286D0F5F80B7}.Release|Any CPU.Build.0 = Release|Any CPU
		{3DBA8CF4-15E4-4E06-9790-286D0F5F80B7}.Release|x64.ActiveCfg = Release|Any CPU
		{3DBA8CF4-15E4-4E06-9790-286D0F5F80B7}.Release|x64.Build.0 = Release|Any CPU
		{3DBA8CF4-15E4-4E06-9790-286D0F5F80B7}.Release|x86.ActiveCfg = Release|Any CPU
		{3DBA8CF4-15E4-4E06-9790-286D0F5F80B7}.Release|x86.Build.0 = Release|Any CPU
		{0646CC82-DE3F-4F80-B8DD-267871DCE84E}.Debug|Any CPU.ActiveCfg = Debug|Any CPU
		{0646CC82-DE3F-4F80-B8DD-267871DCE84E}.Debug|Any CPU.Build.0 = Debug|Any CPU
		{0646CC82-DE3F-4F80-B8DD-267871DCE84E}.Debug|x64.ActiveCfg = Debug|Any CPU
		{0646CC82-DE3F-4F80-B8DD-267871DCE84E}.Debug|x64.Build.0 = Debug|Any CPU
		{0646CC82-DE3F-4F80-B8DD-267871DCE84E}.Debug|x86.ActiveCfg = Debug|Any CPU
		{0646CC82-DE3F-4F80-B8DD-267871DCE84E}.Debug|x86.Build.0 = Debug|Any CPU
		{0646CC82-DE3F-4F80-B8DD-267871DCE84E}.Release|Any CPU.ActiveCfg = Release|Any CPU
		{0646CC82-DE3F-4F80-B8DD-267871DCE84E}.Release|Any CPU.Build.0 = Release|Any CPU
		{0646CC82-DE3F-4F80-B8DD-267871DCE84E}.Release|x64.ActiveCfg = Release|Any CPU
		{0646CC82-DE3F-4F80-B8DD-267871DCE84E}.Release|x64.Build.0 = Release|Any CPU
		{0646CC82-DE3F-4F80-B8DD-267871DCE84E}.Release|x86.ActiveCfg = Release|Any CPU
		{0646CC82-DE3F-4F80-B8DD-267871DCE84E}.Release|x86.Build.0 = Release|Any CPU
		{0567A789-7185-4965-9408-508253242650}.Debug|Any CPU.ActiveCfg = Debug|Any CPU
		{0567A789-7185-4965-9408-508253242650}.Debug|Any CPU.Build.0 = Debug|Any CPU
		{0567A789-7185-4965-9408-508253242650}.Debug|x64.ActiveCfg = Debug|Any CPU
		{0567A789-7185-4965-9408-508253242650}.Debug|x64.Build.0 = Debug|Any CPU
		{0567A789-7185-4965-9408-508253242650}.Debug|x86.ActiveCfg = Debug|Any CPU
		{0567A789-7185-4965-9408-508253242650}.Debug|x86.Build.0 = Debug|Any CPU
		{0567A789-7185-4965-9408-508253242650}.Release|Any CPU.ActiveCfg = Release|Any CPU
		{0567A789-7185-4965-9408-508253242650}.Release|Any CPU.Build.0 = Release|Any CPU
		{0567A789-7185-4965-9408-508253242650}.Release|x64.ActiveCfg = Release|Any CPU
		{0567A789-7185-4965-9408-508253242650}.Release|x64.Build.0 = Release|Any CPU
		{0567A789-7185-4965-9408-508253242650}.Release|x86.ActiveCfg = Release|Any CPU
		{0567A789-7185-4965-9408-508253242650}.Release|x86.Build.0 = Release|Any CPU
	EndGlobalSection
	GlobalSection(SolutionProperties) = preSolution
		HideSolutionNode = FALSE
	EndGlobalSection
	GlobalSection(NestedProjects) = preSolution
		{B9771273-07CE-CBBE-F99B-17C1826E8D01} = {827E0CD3-B72D-47B6-A68D-7590B98EB39B}
		{353E7F9F-5394-4DAA-B408-67C519614ACA} = {B9771273-07CE-CBBE-F99B-17C1826E8D01}
		{7EBFC35F-CFB5-33FC-478C-BF5D9C05E6B6} = {827E0CD3-B72D-47B6-A68D-7590B98EB39B}
		{39F728A2-99C9-AE00-D927-D29B86F84CDC} = {7EBFC35F-CFB5-33FC-478C-BF5D9C05E6B6}
		{37B58EFE-E4B8-498C-2E83-1D5F69A5CF8F} = {39F728A2-99C9-AE00-D927-D29B86F84CDC}
		{CF56FEEA-3E56-43E4-AB5D-49779392642E} = {37B58EFE-E4B8-498C-2E83-1D5F69A5CF8F}
		{163E4DD7-55E5-949A-56DA-772C454D013E} = {39F728A2-99C9-AE00-D927-D29B86F84CDC}
		{55C48714-6201-4C4D-848C-9D5681DE5DF7} = {163E4DD7-55E5-949A-56DA-772C454D013E}
		{C8E42992-5E42-0C2B-DBFE-AA848D06431C} = {827E0CD3-B72D-47B6-A68D-7590B98EB39B}
		{98F0CC8E-B270-ACD8-A99F-DDD527E204E5} = {C8E42992-5E42-0C2B-DBFE-AA848D06431C}
		{93A16418-4CA8-4476-AF65-5AC9EB2E0963} = {98F0CC8E-B270-ACD8-A99F-DDD527E204E5}
		{9787BF88-EEEB-1624-8357-14EC64727FE2} = {827E0CD3-B72D-47B6-A68D-7590B98EB39B}
		{FFF91EDF-2882-64F6-DB5B-406A12BBCDC0} = {9787BF88-EEEB-1624-8357-14EC64727FE2}
		{10B0029C-2FF2-D4DC-6829-0D9C1B5AD7A7} = {FFF91EDF-2882-64F6-DB5B-406A12BBCDC0}
		{B108A723-0CD0-4CB6-A4D0-61DFB12DCD51} = {10B0029C-2FF2-D4DC-6829-0D9C1B5AD7A7}
		{7EBA44D2-A57E-6BE6-C631-91C2311AF6EF} = {FFF91EDF-2882-64F6-DB5B-406A12BBCDC0}
		{68427165-CE09-4CFD-B10A-539CD4E75932} = {7EBA44D2-A57E-6BE6-C631-91C2311AF6EF}
		{8AD52E9F-1214-FE08-9AB4-D2B9575ED7D9} = {FFF91EDF-2882-64F6-DB5B-406A12BBCDC0}
		{DE545FE0-E31C-453C-A44C-DD51AC6B92F8} = {8AD52E9F-1214-FE08-9AB4-D2B9575ED7D9}
		{F77CD9A1-911D-B9BE-54DB-8CCE13C5403E} = {FFF91EDF-2882-64F6-DB5B-406A12BBCDC0}
		{B15F4EC9-9A4C-4759-BDEC-2FC75C541153} = {F77CD9A1-911D-B9BE-54DB-8CCE13C5403E}
		{53F01660-23DD-AEF3-758B-1BDCE1E30168} = {FFF91EDF-2882-64F6-DB5B-406A12BBCDC0}
		{D55E10D9-C307-44CD-8CBE-843539C40F7F} = {53F01660-23DD-AEF3-758B-1BDCE1E30168}
		{9CA4C094-5884-A4E5-387C-6579BE379267} = {37B58EFE-E4B8-498C-2E83-1D5F69A5CF8F}
		{A3D6DA43-7FF1-4460-99F2-646F7C5F03B0} = {9CA4C094-5884-A4E5-387C-6579BE379267}
		{F57C9181-72B8-DAB9-42BA-2C90EAE1343B} = {39F728A2-99C9-AE00-D927-D29B86F84CDC}
		{374B8A99-C743-4E8C-9C28-84FB41D836F2} = {F57C9181-72B8-DAB9-42BA-2C90EAE1343B}
		{C49E4B6B-0BA9-4E85-A640-C1F4352F1105} = {F57C9181-72B8-DAB9-42BA-2C90EAE1343B}
		{F86BB4F5-59EB-AC26-744D-2CE53F67105B} = {39F728A2-99C9-AE00-D927-D29B86F84CDC}
		{66107834-C8D8-4CA2-9CDC-50817C6AD590} = {F86BB4F5-59EB-AC26-744D-2CE53F67105B}
		{0292443F-08FF-B2C8-1260-EB3196311BFB} = {39F728A2-99C9-AE00-D927-D29B86F84CDC}
		{3DBA8CF4-15E4-4E06-9790-286D0F5F80B7} = {0292443F-08FF-B2C8-1260-EB3196311BFB}
		{5278B7A7-1A5F-F368-A64D-9475BCAB837E} = {39F728A2-99C9-AE00-D927-D29B86F84CDC}
		{0646CC82-DE3F-4F80-B8DD-267871DCE84E} = {5278B7A7-1A5F-F368-A64D-9475BCAB837E}
		{DDDAEA66-EDBF-740F-FBAC-CC9F3A26F9C6} = {39F728A2-99C9-AE00-D927-D29B86F84CDC}
		{0567A789-7185-4965-9408-508253242650} = {DDDAEA66-EDBF-740F-FBAC-CC9F3A26F9C6}
	EndGlobalSection
EndGlobal
